
Microsoft Visual Studio Solution File, Format Version 12.00
# Visual Studio Version 17
VisualStudioVersion = 17.9.34607.119
MinimumVisualStudioVersion = 10.0.40219.1
Project("{FAE04EC0-301F-11D3-BF4B-00C04F79EFBC}") = "DatoveStrukutrySemPraceA", "DatoveStrukutrySemPraceA\DatoveStrukutrySemPraceA.csproj", "{6BBCF023-DB86-43C4-9D9C-43E7B28A1DBF}"
EndProject
Global
	GlobalSection(SolutionConfigurationPlatforms) = preSolution
		Debug|Any CPU = Debug|Any CPU
		Release|Any CPU = Release|Any CPU
	EndGlobalSection
	GlobalSection(ProjectConfigurationPlatforms) = postSolution
		{6BBCF023-DB86-43C4-9D9C-43E7B28A1DBF}.Debug|Any CPU.ActiveCfg = Debug|Any CPU
		{6BBCF023-DB86-43C4-9D9C-43E7B28A1DBF}.Debug|Any CPU.Build.0 = Debug|Any CPU
		{6BBCF023-DB86-43C4-9D9C-43E7B28A1DBF}.Release|Any CPU.ActiveCfg = Release|Any CPU
		{6BBCF023-DB86-43C4-9D9C-43E7B28A1DBF}.Release|Any CPU.Build.0 = Release|Any CPU
	EndGlobalSection
	GlobalSection(SolutionProperties) = preSolution
		HideSolutionNode = FALSE
	EndGlobalSection
	GlobalSection(ExtensibilityGlobals) = postSolution
		SolutionGuid = {B84BCCE4-306E-4BA3-955A-198DD3FF676A}
	EndGlobalSection
EndGlobal
